
Microsoft Visual Studio Solution File, Format Version 11.00
# Visual Studio 2010
Project("{FAE04EC0-301F-11D3-BF4B-00C04F79EFBC}") = "EvilTemple", "EvilTemple\EvilTemple.csproj", "{D4BD47A4-57B5-47D0-8D72-5C8268F1F342}"
EndProject
Project("{FAE04EC0-301F-11D3-BF4B-00C04F79EFBC}") = "EvilTemple.Runtime", "EvilTemple.Runtime\EvilTemple.Runtime.csproj", "{C09ABF74-F6BD-46E3-A364-4B41B162021F}"
EndProject
Project("{FAE04EC0-301F-11D3-BF4B-00C04F79EFBC}") = "EvilTemple.Support", "EvilTemple.Support\EvilTemple.Support.csproj", "{A89AD963-46BE-405D-A279-11B5216AB854}"
EndProject
Project("{FAE04EC0-301F-11D3-BF4B-00C04F79EFBC}") = "EvilTemple.Rules", "EvilTemple.Rules\EvilTemple.Rules.csproj", "{9C210D9D-BC98-4751-A53A-917C638EBB79}"
EndProject
Project("{FAE04EC0-301F-11D3-BF4B-00C04F79EFBC}") = "EvilTemple.Gui", "EvilTemple.Gui\EvilTemple.Gui.csproj", "{66FC5F28-884E-4FBC-B250-01990ED7EFC5}"
EndProject
Project("{FAE04EC0-301F-11D3-BF4B-00C04F79EFBC}") = "EvilTemple.D20Rules", "EvilTemple.D20Rules\EvilTemple.D20Rules.csproj", "{5FD71471-8FC1-411D-AD4B-24F74A66BFB4}"
EndProject
